{
    "_meta": {
        "hash": {
            "sha256": "859dc275a276c712c6e62f599a49ed06d5f1b7e7587c3e9c4f2d1c5579fb9d4f"
        },
        "pipfile-spec": 6,
        "requires": {
            "python_version": "3.7"
        },
        "sources": [
            {
                "name": "pypi",
                "url": "https://pypi.org/simple",
                "verify_ssl": true
            }
        ]
    },
    "default": {
        "scrapy-splash": {
            "hashes": [
                "sha256:a7c17735415151ae01f07b03c7624e7276a343779b3c5f4546f655f6133df42f",
                "sha256:f35986fbe916d4b7878f4d303ca6a9d4f013157ab2bae13d85f14da78d211193"
            ],
            "index": "pypi",
            "version": "==0.8.0"
        }
    },
    "develop": {}
}
